
Microsoft Visual Studio Solution File, Format Version 12.00
# Visual Studio Version 16
VisualStudioVersion = 16.0.29318.209
MinimumVisualStudioVersion = 10.0.40219.1
Project("{FAE04EC0-301F-11D3-BF4B-00C04F79EFBC}") = "CapStone", "CapStone\CapStone.csproj", "{D194F7D9-5133-44E9-B8E7-7363A1E8E036}"
EndProject
Global
	GlobalSection(SolutionConfigurationPlatforms) = preSolution
		Debug|Any CPU = Debug|Any CPU
		Release|Any CPU = Release|Any CPU
	EndGlobalSection
	GlobalSection(ProjectConfigurationPlatforms) = postSolution
		{D194F7D9-5133-44E9-B8E7-7363A1E8E036}.Debug|Any CPU.ActiveCfg = Debug|Any CPU
		{D194F7D9-5133-44E9-B8E7-7363A1E8E036}.Debug|Any CPU.Build.0 = Debug|Any CPU
		{D194F7D9-5133-44E9-B8E7-7363A1E8E036}.Release|Any CPU.ActiveCfg = Release|Any CPU
		{D194F7D9-5133-44E9-B8E7-7363A1E8E036}.Release|Any CPU.Build.0 = Release|Any CPU
	EndGlobalSection
	GlobalSection(SolutionProperties) = preSolution
		HideSolutionNode = FALSE
	EndGlobalSection
	GlobalSection(ExtensibilityGlobals) = postSolution
		SolutionGuid = {AFF13FE0-74C0-467E-A7B7-DF6D1BDEC9D0}
	EndGlobalSection
EndGlobal
